// !$*UTF8*$!
{
	archiveVersion = 1;
	classes = {
	};
	objectVersion = 48;
	objects = {

/* Begin PBXBuildFile section */
		CFCB6FEF1FEE8753008DDD6B /* AppDelegate.swift in Sources */ = {isa = PBXBuildFile; fileRef = CFCB6FEE1FEE8753008DDD6B /* AppDelegate.swift */; };
		CFCB6FF11FEE8753008DDD6B /* ViewController.swift in Sources */ = {isa = PBXBuildFile; fileRef = CFCB6FF01FEE8753008DDD6B /* ViewController.swift */; };
		CFCB6FF41FEE8753008DDD6B /* Main.storyboard in Resources */ = {isa = PBXBuildFile; fileRef = CFCB6FF21FEE8753008DDD6B /* Main.storyboard */; };
		CFCB6FF61FEE8753008DDD6B /* Assets.xcassets in Resources */ = {isa = PBXBuildFile; fileRef = CFCB6FF51FEE8753008DDD6B /* Assets.xcassets */; };
		CFCB6FF91FEE8753008DDD6B /* LaunchScreen.storyboard in Resources */ = {isa = PBXBuildFile; fileRef = CFCB6FF71FEE8753008DDD6B /* LaunchScreen.storyboard */; };
		CFCB70041FEE8753008DDD6B /* git_test_projectTests.swift in Sources */ = {isa = PBXBuildFile; fileRef = CFCB70031FEE8753008DDD6B /* git_test_projectTests.swift */; };
		CFCB700F1FEE8753008DDD6B /* git_test_projectUITests.swift in Sources */ = {isa = PBXBuildFile; fileRef = CFCB700E1FEE8753008DDD6B /* git_test_projectUITests.swift */; };
/* End PBXBuildFile section */

/* Begin PBXContainerItemProxy section */
		CFCB70001FEE8753008DDD6B /* PBXContainerItemProxy */ = {
			isa = PBXContainerItemProxy;
			containerPortal = CFCB6FE31FEE8753008DDD6B /* Project object */;
			proxyType = 1;
			remoteGlobalIDString = CFCB6FEA1FEE8753008DDD6B;
			remoteInfo = git_test_project;
		};
		CFCB700B1FEE8753008DDD6B /* PBXContainerItemProxy */ = {
			isa = PBXContainerItemProxy;
			containerPortal = CFCB6FE31FEE8753008DDD6B /* Project object */;
			proxyType = 1;
			remoteGlobalIDString = CFCB6FEA1FEE8753008DDD6B;
			remoteInfo = git_test_project;
		};
/* End PBXContainerItemProxy section */

/* Begin PBXFileReference section */
		CFCB6FEB1FEE8753008DDD6B /* git_test_project.app */ = {isa = PBXFileReference; explicitFileType = wrapper.application; includeInIndex = 0; path = git_test_project.app; sourceTree = BUILT_PRODUCTS_DIR; };
		CFCB6FEE1FEE8753008DDD6B /* AppDelegate.swift */ = {isa = PBXFileReference; lastKnownFileType = sourcecode.swift; path = AppDelegate.swift; sourceTree = "<group>"; };
		CFCB6FF01FEE8753008DDD6B /* ViewController.swift */ = {isa = PBXFileReference; lastKnownFileType = sourcecode.swift; path = ViewController.swift; sourceTree = "<group>"; };
		CFCB6FF31FEE8753008DDD6B /* Base */ = {isa = PBXFileReference; lastKnownFileType = file.storyboard; name = Base; path = Base.lproj/Main.storyboard; sourceTree = "<group>"; };
		CFCB6FF51FEE8753008DDD6B /* Assets.xcassets */ = {isa = PBXFileReference; lastKnownFileType = folder.assetcatalog; path = Assets.xcassets; sourceTree = "<group>"; };
		CFCB6FF81FEE8753008DDD6B /* Base */ = {isa = PBXFileReference; lastKnownFileType = file.storyboard; name = Base; path = Base.lproj/LaunchScreen.storyboard; sourceTree = "<group>"; };
		CFCB6FFA1FEE8753008DDD6B /* Info.plist */ = {isa = PBXFileReference; lastKnownFileType = text.plist.xml; path = Info.plist; sourceTree = "<group>"; };
		CFCB6FFF1FEE8753008DDD6B /* git_test_projectTests.xctest */ = {isa = PBXFileReference; explicitFileType = wrapper.cfbundle; includeInIndex = 0; path = git_test_projectTests.xctest; sourceTree = BUILT_PRODUCTS_DIR; };
		CFCB70031FEE8753008DDD6B /* git_test_projectTests.swift */ = {isa = PBXFileReference; lastKnownFileType = sourcecode.swift; path = git_test_projectTests.swift; sourceTree = "<group>"; };
		CFCB70051FEE8753008DDD6B /* Info.plist */ = {isa = PBXFileReference; lastKnownFileType = text.plist.xml; path = Info.plist; sourceTree = "<group>"; };
		CFCB700A1FEE8753008DDD6B /* git_test_projectUITests.xctest */ = {isa = PBXFileReference; explicitFileType = wrapper.cfbundle; includeInIndex = 0; path = git_test_projectUITests.xctest; sourceTree = BUILT_PRODUCTS_DIR; };
		CFCB700E1FEE8753008DDD6B /* git_test_projectUITests.swift */ = {isa = PBXFileReference; lastKnownFileType = sourcecode.swift; path = git_test_projectUITests.swift; sourceTree = "<group>"; };
		CFCB70101FEE8753008DDD6B /* Info.plist */ = {isa = PBXFileReference; lastKnownFileType = text.plist.xml; path = Info.plist; sourceTree = "<group>"; };
/* End PBXFileReference section */

/* Begin PBXFrameworksBuildPhase section */
		CFCB6FE81FEE8753008DDD6B /* Frameworks */ = {
			isa = PBXFrameworksBuildPhase;
			buildActionMask = 2147483647;
			files = (
			);
			runOnlyForDeploymentPostprocessing = 0;
		};
		CFCB6FFC1FEE8753008DDD6B /* Frameworks */ = {
			isa = PBXFrameworksBuildPhase;
			buildActionMask = 2147483647;
			files = (
			);
			runOnlyForDeploymentPostprocessing = 0;
		};
		CFCB70071FEE8753008DDD6B /* Frameworks */ = {
			isa = PBXFrameworksBuildPhase;
			buildActionMask = 2147483647;
			files = (
			);
			runOnlyForDeploymentPostprocessing = 0;
		};
/* End PBXFrameworksBuildPhase section */

/* Begin PBXGroup section */
		CFCB6FE21FEE8753008DDD6B = {
			isa = PBXGroup;
			children = (
				CFCB6FED1FEE8753008DDD6B /* git_test_project */,
				CFCB70021FEE8753008DDD6B /* git_test_projectTests */,
				CFCB700D1FEE8753008DDD6B /* git_test_projectUITests */,
				CFCB6FEC1FEE8753008DDD6B /* Products */,
			);
			sourceTree = "<group>";
		};
		CFCB6FEC1FEE8753008DDD6B /* Products */ = {
			isa = PBXGroup;
			children = (
				CFCB6FEB1FEE8753008DDD6B /* git_test_project.app */,
				CFCB6FFF1FEE8753008DDD6B /* git_test_projectTests.xctest */,
				CFCB700A1FEE8753008DDD6B /* git_test_projectUITests.xctest */,
			);
			name = Products;
			sourceTree = "<group>";
		};
		CFCB6FED1FEE8753008DDD6B /* git_test_project */ = {
			isa = PBXGroup;
			children = (
				CFCB6FEE1FEE8753008DDD6B /* AppDelegate.swift */,
				CFCB6FF01FEE8753008DDD6B /* ViewController.swift */,
				CFCB6FF21FEE8753008DDD6B /* Main.storyboard */,
				CFCB6FF51FEE8753008DDD6B /* Assets.xcassets */,
				CFCB6FF71FEE8753008DDD6B /* LaunchScreen.storyboard */,
				CFCB6FFA1FEE8753008DDD6B /* Info.plist */,
			);
			path = git_test_project;
			sourceTree = "<group>";
		};
		CFCB70021FEE8753008DDD6B /* git_test_projectTests */ = {
			isa = PBXGroup;
			children = (
				CFCB70031FEE8753008DDD6B /* git_test_projectTests.swift */,
				CFCB70051FEE8753008DDD6B /* Info.plist */,
			);
			path = git_test_projectTests;
			sourceTree = "<group>";
		};
		CFCB700D1FEE8753008DDD6B /* git_test_projectUITests */ = {
			isa = PBXGroup;
			children = (
				CFCB700E1FEE8753008DDD6B /* git_test_projectUITests.swift */,
				CFCB70101FEE8753008DDD6B /* Info.plist */,
			);
			path = git_test_projectUITests;
			sourceTree = "<group>";
		};
/* End PBXGroup section */

/* Begin PBXNativeTarget section */
		CFCB6FEA1FEE8753008DDD6B /* git_test_project */ = {
			isa = PBXNativeTarget;
			buildConfigurationList = CFCB70131FEE8753008DDD6B /* Build configuration list for PBXNativeTarget "git_test_project" */;
			buildPhases = (
				CFCB6FE71FEE8753008DDD6B /* Sources */,
				CFCB6FE81FEE8753008DDD6B /* Frameworks */,
				CFCB6FE91FEE8753008DDD6B /* Resources */,
			);
			buildRules = (
			);
			dependencies = (
			);
			name = git_test_project;
			productName = git_test_project;
			productReference = CFCB6FEB1FEE8753008DDD6B /* git_test_project.app */;
			productType = "com.apple.product-type.application";
		};
		CFCB6FFE1FEE8753008DDD6B /* git_test_projectTests */ = {
			isa = PBXNativeTarget;
			buildConfigurationList = CFCB70161FEE8753008DDD6B /* Build configuration list for PBXNativeTarget "git_test_projectTests" */;
			buildPhases = (
				CFCB6FFB1FEE8753008DDD6B /* Sources */,
				CFCB6FFC1FEE8753008DDD6B /* Frameworks */,
				CFCB6FFD1FEE8753008DDD6B /* Resources */,
			);
			buildRules = (
			);
			dependencies = (
				CFCB70011FEE8753008DDD6B /* PBXTargetDependency */,
			);
			name = git_test_projectTests;
			productName = git_test_projectTests;
			productReference = CFCB6FFF1FEE8753008DDD6B /* git_test_projectTests.xctest */;
			productType = "com.apple.product-type.bundle.unit-test";
		};
		CFCB70091FEE8753008DDD6B /* git_test_projectUITests */ = {
			isa = PBXNativeTarget;
			buildConfigurationList = CFCB70191FEE8753008DDD6B /* Build configuration list for PBXNativeTarget "git_test_projectUITests" */;
			buildPhases = (
				CFCB70061FEE8753008DDD6B /* Sources */,
				CFCB70071FEE8753008DDD6B /* Frameworks */,
				CFCB70081FEE8753008DDD6B /* Resources */,
			);
			buildRules = (
			);
			dependencies = (
				CFCB700C1FEE8753008DDD6B /* PBXTargetDependency */,
			);
			name = git_test_projectUITests;
			productName = git_test_projectUITests;
			productReference = CFCB700A1FEE8753008DDD6B /* git_test_projectUITests.xctest */;
			productType = "com.apple.product-type.bundle.ui-testing";
		};
/* End PBXNativeTarget section */

/* Begin PBXProject section */
		CFCB6FE31FEE8753008DDD6B /* Project object */ = {
			isa = PBXProject;
			attributes = {
				LastSwiftUpdateCheck = 0920;
				LastUpgradeCheck = 0920;
				ORGANIZATIONNAME = "Kim Jihoon";
				TargetAttributes = {
					CFCB6FEA1FEE8753008DDD6B = {
						CreatedOnToolsVersion = 9.2;
						ProvisioningStyle = Automatic;
					};
					CFCB6FFE1FEE8753008DDD6B = {
						CreatedOnToolsVersion = 9.2;
						ProvisioningStyle = Automatic;
						TestTargetID = CFCB6FEA1FEE8753008DDD6B;
					};
					CFCB70091FEE8753008DDD6B = {
						CreatedOnToolsVersion = 9.2;
						ProvisioningStyle = Automatic;
						TestTargetID = CFCB6FEA1FEE8753008DDD6B;
					};
				};
			};
			buildConfigurationList = CFCB6FE61FEE8753008DDD6B /* Build configuration list for PBXProject "git_test_project" */;
			compatibilityVersion = "Xcode 8.0";
			developmentRegion = en;
			hasScannedForEncodings = 0;
			knownRegions = (
				en,
				Base,
			);
			mainGroup = CFCB6FE21FEE8753008DDD6B;
			productRefGroup = CFCB6FEC1FEE8753008DDD6B /* Products */;
			projectDirPath = "";
			projectRoot = "";
			targets = (
				CFCB6FEA1FEE8753008DDD6B /* git_test_project */,
				CFCB6FFE1FEE8753008DDD6B /* git_test_projectTests */,
				CFCB70091FEE8753008DDD6B /* git_test_projectUITests */,
			);
		};
/* End PBXProject section */

/* Begin PBXResourcesBuildPhase section */
		CFCB6FE91FEE8753008DDD6B /* Resources */ = {
			isa = PBXResourcesBuildPhase;
			buildActionMask = 2147483647;
			files = (
				CFCB6FF91FEE8753008DDD6B /* LaunchScreen.storyboard in Resources */,
				CFCB6FF61FEE8753008DDD6B /* Assets.xcassets in Resources */,
				CFCB6FF41FEE8753008DDD6B /* Main.storyboard in Resources */,
			);
			runOnlyForDeploymentPostprocessing = 0;
		};
		CFCB6FFD1FEE8753008DDD6B /* Resources */ = {
			isa = PBXResourcesBuildPhase;
			buildActionMask = 2147483647;
			files = (
			);
			runOnlyForDeploymentPostprocessing = 0;
		};
		CFCB70081FEE8753008DDD6B /* Resources */ = {
			isa = PBXResourcesBuildPhase;
			buildActionMask = 2147483647;
			files = (
			);
			runOnlyForDeploymentPostprocessing = 0;
		};
/* End PBXResourcesBuildPhase section */

/* Begin PBXSourcesBuildPhase section */
		CFCB6FE71FEE8753008DDD6B /* Sources */ = {
			isa = PBXSourcesBuildPhase;
			buildActionMask = 2147483647;
			files = (
				CFCB6FF11FEE8753008DDD6B /* ViewController.swift in Sources */,
				CFCB6FEF1FEE8753008DDD6B /* AppDelegate.swift in Sources */,
			);
			runOnlyForDeploymentPostprocessing = 0;
		};
		CFCB6FFB1FEE8753008DDD6B /* Sources */ = {
			isa = PBXSourcesBuildPhase;
			buildActionMask = 2147483647;
			files = (
				CFCB70041FEE8753008DDD6B /* git_test_projectTests.swift in Sources */,
			);
			runOnlyForDeploymentPostprocessing = 0;
		};
		CFCB70061FEE8753008DDD6B /* Sources */ = {
			isa = PBXSourcesBuildPhase;
			buildActionMask = 2147483647;
			files = (
				CFCB700F1FEE8753008DDD6B /* git_test_projectUITests.swift in Sources */,
			);
			runOnlyForDeploymentPostprocessing = 0;
		};
/* End PBXSourcesBuildPhase section */

/* Begin PBXTargetDependency section */
		CFCB70011FEE8753008DDD6B /* PBXTargetDependency */ = {
			isa = PBXTargetDependency;
			target = CFCB6FEA1FEE8753008DDD6B /* git_test_project */;
			targetProxy = CFCB70001FEE8753008DDD6B /* PBXContainerItemProxy */;
		};
		CFCB700C1FEE8753008DDD6B /* PBXTargetDependency */ = {
			isa = PBXTargetDependency;
			target = CFCB6FEA1FEE8753008DDD6B /* git_test_project */;
			targetProxy = CFCB700B1FEE8753008DDD6B /* PBXContainerItemProxy */;
		};
/* End PBXTargetDependency section */

/* Begin PBXVariantGroup section */
		CFCB6FF21FEE8753008DDD6B /* Main.storyboard */ = {
			isa = PBXVariantGroup;
			children = (
				CFCB6FF31FEE8753008DDD6B /* Base */,
			);
			name = Main.storyboard;
			sourceTree = "<group>";
		};
		CFCB6FF71FEE8753008DDD6B /* LaunchScreen.storyboard */ = {
			isa = PBXVariantGroup;
			children = (
				CFCB6FF81FEE8753008DDD6B /* Base */,
			);
			name = LaunchScreen.storyboard;
			sourceTree = "<group>";
		};
/* End PBXVariantGroup section */

/* Begin XCBuildConfiguration section */
		CFCB70111FEE8753008DDD6B /* Debug */ = {
			isa = XCBuildConfiguration;
			buildSettings = {
				ALWAYS_SEARCH_USER_PATHS = NO;
				CLANG_ANALYZER_NONNULL = YES;
				CLANG_ANALYZER_NUMBER_OBJECT_CONVERSION = YES_AGGRESSIVE;
				CLANG_CXX_LANGUAGE_STANDARD = "gnu++14";
				CLANG_CXX_LIBRARY = "libc++";
				CLANG_ENABLE_MODULES = YES;
				CLANG_ENABLE_OBJC_ARC = YES;
				CLANG_WARN_BLOCK_CAPTURE_AUTORELEASING = YES;
				CLANG_WARN_BOOL_CONVERSION = YES;
				CLANG_WARN_COMMA = YES;
				CLANG_WARN_CONSTANT_CONVERSION = YES;
				CLANG_WARN_DIRECT_OBJC_ISA_USAGE = YES_ERROR;
				CLANG_WARN_DOCUMENTATION_COMMENTS = YES;
				CLANG_WARN_EMPTY_BODY = YES;
				CLANG_WARN_ENUM_CONVERSION = YES;
				CLANG_WARN_INFINITE_RECURSION = YES;
				CLANG_WARN_INT_CONVERSION = YES;
				CLANG_WARN_NON_LITERAL_NULL_CONVERSION = YES;
				CLANG_WARN_OBJC_LITERAL_CONVERSION = YES;
				CLANG_WARN_OBJC_ROOT_CLASS = YES_ERROR;
				CLANG_WARN_RANGE_LOOP_ANALYSIS = YES;
				CLANG_WARN_STRICT_PROTOTYPES = YES;
				CLANG_WARN_SUSPICIOUS_MOVE = YES;
				CLANG_WARN_UNGUARDED_AVAILABILITY = YES_AGGRESSIVE;
				CLANG_WARN_UNREACHABLE_CODE = YES;
				CLANG_WARN__DUPLICATE_METHOD_MATCH = YES;
				CODE_SIGN_IDENTITY = "iPhone Developer";
				COPY_PHASE_STRIP = NO;
				DEBUG_INFORMATION_FORMAT = dwarf;
				ENABLE_STRICT_OBJC_MSGSEND = YES;
				ENABLE_TESTABILITY = YES;
				GCC_C_LANGUAGE_STANDARD = gnu11;
				GCC_DYNAMIC_NO_PIC = NO;
				GCC_NO_COMMON_BLOCKS = YES;
				GCC_OPTIMIZATION_LEVEL = 0;
				GCC_PREPROCESSOR_DEFINITIONS = (
					"DEBUG=1",
					"$(inherited)",
				);
				GCC_WARN_64_TO_32_BIT_CONVERSION = YES;
				GCC_WARN_ABOUT_RETURN_TYPE = YES_ERROR;
				GCC_WARN_UNDECLARED_SELECTOR = YES;
				GCC_WARN_UNINITIALIZED_AUTOS = YES_AGGRESSIVE;
				GCC_WARN_UNUSED_FUNCTION = YES;
				GCC_WARN_UNUSED_VARIABLE = YES;
				IPHONEOS_DEPLOYMENT_TARGET = 11.2;
				MTL_ENABLE_DEBUG_INFO = YES;
				ONLY_ACTIVE_ARCH = YES;
				SDKROOT = iphoneos;
				SWIFT_ACTIVE_COMPILATION_CONDITIONS = DEBUG;
				SWIFT_OPTIMIZATION_LEVEL = "-Onone";
			};
			name = Debug;
		};
		CFCB70121FEE8753008DDD6B /* Release */ = {
			isa = XCBuildConfiguration;
			buildSettings = {
				ALWAYS_SEARCH_USER_PATHS = NO;
				CLANG_ANALYZER_NONNULL = YES;
				CLANG_ANALYZER_NUMBER_OBJECT_CONVERSION = YES_AGGRESSIVE;
				CLANG_CXX_LANGUAGE_STANDARD = "gnu++14";
				CLANG_CXX_LIBRARY = "libc++";
				CLANG_ENABLE_MODULES = YES;
				CLANG_ENABLE_OBJC_ARC = YES;
				CLANG_WARN_BLOCK_CAPTURE_AUTORELEASING = YES;
				CLANG_WARN_BOOL_CONVERSION = YES;
				CLANG_WARN_COMMA = YES;
				CLANG_WARN_CONSTANT_CONVERSION = YES;
				CLANG_WARN_DIRECT_OBJC_ISA_USAGE = YES_ERROR;
				CLANG_WARN_DOCUMENTATION_COMMENTS = YES;
				CLANG_WARN_EMPTY_BODY = YES;
				CLANG_WARN_ENUM_CONVERSION = YES;
				CLANG_WARN_INFINITE_RECURSION = YES;
				CLANG_WARN_INT_CONVERSION = YES;
				CLANG_WARN_NON_LITERAL_NULL_CONVERSION = YES;
				CLANG_WARN_OBJC_LITERAL_CONVERSION = YES;
				CLANG_WARN_OBJC_ROOT_CLASS = YES_ERROR;
				CLANG_WARN_RANGE_LOOP_ANALYSIS = YES;
				CLANG_WARN_STRICT_PROTOTYPES = YES;
				CLANG_WARN_SUSPICIOUS_MOVE = YES;
				CLANG_WARN_UNGUARDED_AVAILABILITY = YES_AGGRESSIVE;
				CLANG_WARN_UNREACHABLE_CODE = YES;
				CLANG_WARN__DUPLICATE_METHOD_MATCH = YES;
				CODE_SIGN_IDENTITY = "iPhone Developer";
				COPY_PHASE_STRIP = NO;
				DEBUG_INFORMATION_FORMAT = "dwarf-with-dsym";
				ENABLE_NS_ASSERTIONS = NO;
				ENABLE_STRICT_OBJC_MSGSEND = YES;
				GCC_C_LANGUAGE_STANDARD = gnu11;
				GCC_NO_COMMON_BLOCKS = YES;
				GCC_WARN_64_TO_32_BIT_CONVERSION = YES;
				GCC_WARN_ABOUT_RETURN_TYPE = YES_ERROR;
				GCC_WARN_UNDECLARED_SELECTOR = YES;
				GCC_WARN_UNINITIALIZED_AUTOS = YES_AGGRESSIVE;
				GCC_WARN_UNUSED_FUNCTION = YES;
				GCC_WARN_UNUSED_VARIABLE = YES;
				IPHONEOS_DEPLOYMENT_TARGET = 11.2;
				MTL_ENABLE_DEBUG_INFO = NO;
				SDKROOT = iphoneos;
				SWIFT_OPTIMIZATION_LEVEL = "-Owholemodule";
				VALIDATE_PRODUCT = YES;
			};
			name = Release;
		};
		CFCB70141FEE8753008DDD6B /* Debug */ = {
			isa = XCBuildConfiguration;
			buildSettings = {
				ASSETCATALOG_COMPILER_APPICON_NAME = AppIcon;
				CODE_SIGN_STYLE = Automatic;
				DEVELOPMENT_TEAM = 2P62339MY4;
				INFOPLIST_FILE = git_test_project/Info.plist;
				LD_RUNPATH_SEARCH_PATHS = "$(inherited) @executable_path/Frameworks";
				PRODUCT_BUNDLE_IDENTIFIER = "com.example.git-test-project";
				PRODUCT_NAME = "$(TARGET_NAME)";
				SWIFT_VERSION = 4.0;
				TARGETED_DEVICE_FAMILY = "1,2";
			};
			name = Debug;
		};
		CFCB70151FEE8753008DDD6B /* Release */ = {
			isa = XCBuildConfiguration;
			buildSettings = {
				ASSETCATALOG_COMPILER_APPICON_NAME = AppIcon;
				CODE_SIGN_STYLE = Automatic;
				DEVELOPMENT_TEAM = 2P62339MY4;
				INFOPLIST_FILE = git_test_project/Info.plist;
				LD_RUNPATH_SEARCH_PATHS = "$(inherited) @executable_path/Frameworks";
				PRODUCT_BUNDLE_IDENTIFIER = "com.example.git-test-project";
				PRODUCT_NAME = "$(TARGET_NAME)";
				SWIFT_VERSION = 4.0;
				TARGETED_DEVICE_FAMILY = "1,2";
			};
			name = Release;
		};
		CFCB70171FEE8753008DDD6B /* Debug */ = {
			isa = XCBuildConfiguration;
			buildSettings = {
				ALWAYS_EMBED_SWIFT_STANDARD_LIBRARIES = YES;
				BUNDLE_LOADER = "$(TEST_HOST)";
				CODE_SIGN_STYLE = Automatic;
				DEVELOPMENT_TEAM = 2P62339MY4;
				INFOPLIST_FILE = git_test_projectTests/Info.plist;
				LD_RUNPATH_SEARCH_PATHS = "$(inherited) @executable_path/Frameworks @loader_path/Frameworks";
				PRODUCT_BUNDLE_IDENTIFIER = "com.example.git-test-projectTests";
				PRODUCT_NAME = "$(TARGET_NAME)";
				SWIFT_VERSION = 4.0;
				TARGETED_DEVICE_FAMILY = "1,2";
				TEST_HOST = "$(BUILT_PRODUCTS_DIR)/git_test_project.app/git_test_project";
			};
			name = Debug;
		};
		CFCB70181FEE8753008DDD6B /* Release */ = {
			isa = XCBuildConfiguration;
			buildSettings = {
				ALWAYS_EMBED_SWIFT_STANDARD_LIBRARIES = YES;
				BUNDLE_LOADER = "$(TEST_HOST)";
				CODE_SIGN_STYLE = Automatic;
				DEVELOPMENT_TEAM = 2P62339MY4;
				INFOPLIST_FILE = git_test_projectTests/Info.plist;
				LD_RUNPATH_SEARCH_PATHS = "$(inherited) @executable_path/Frameworks @loader_path/Frameworks";
				PRODUCT_BUNDLE_IDENTIFIER = "com.example.git-test-projectTests";
				PRODUCT_NAME = "$(TARGET_NAME)";
				SWIFT_VERSION = 4.0;
				TARGETED_DEVICE_FAMILY = "1,2";
				TEST_HOST = "$(BUILT_PRODUCTS_DIR)/git_test_project.app/git_test_project";
			};
			name = Release;
		};
		CFCB701A1FEE8753008DDD6B /* Debug */ = {
			isa = XCBuildConfiguration;
			buildSettings = {
				ALWAYS_EMBED_SWIFT_STANDARD_LIBRARIES = YES;
				CODE_SIGN_STYLE = Automatic;
				DEVELOPMENT_TEAM = 2P62339MY4;
				INFOPLIST_FILE = git_test_projectUITests/Info.plist;
				LD_RUNPATH_SEARCH_PATHS = "$(inherited) @executable_path/Frameworks @loader_path/Frameworks";
				PRODUCT_BUNDLE_IDENTIFIER = "com.example.git-test-projectUITests";
				PRODUCT_NAME = "$(TARGET_NAME)";
				SWIFT_VERSION = 4.0;
				TARGETED_DEVICE_FAMILY = "1,2";
				TEST_TARGET_NAME = git_test_project;
			};
			name = Debug;
		};
		CFCB701B1FEE8753008DDD6B /* Release */ = {
			isa = XCBuildConfiguration;
			buildSettings = {
				ALWAYS_EMBED_SWIFT_STANDARD_LIBRARIES = YES;
				CODE_SIGN_STYLE = Automatic;
				DEVELOPMENT_TEAM = 2P62339MY4;
				INFOPLIST_FILE = git_test_projectUITests/Info.plist;
				LD_RUNPATH_SEARCH_PATHS = "$(inherited) @executable_path/Frameworks @loader_path/Frameworks";
				PRODUCT_BUNDLE_IDENTIFIER = "com.example.git-test-projectUITests";
				PRODUCT_NAME = "$(TARGET_NAME)";
				SWIFT_VERSION = 4.0;
				TARGETED_DEVICE_FAMILY = "1,2";
				TEST_TARGET_NAME = git_test_project;
			};
			name = Release;
		};
/* End XCBuildConfiguration section */

/* Begin XCConfigurationList section */
		CFCB6FE61FEE8753008DDD6B /* Build configuration list for PBXProject "git_test_project" */ = {
			isa = XCConfigurationList;
			buildConfigurations = (
				CFCB70111FEE8753008DDD6B /* Debug */,
				CFCB70121FEE8753008DDD6B /* Release */,
			);
			defaultConfigurationIsVisible = 0;
			defaultConfigurationName = Release;
		};
		CFCB70131FEE8753008DDD6B /* Build configuration list for PBXNativeTarget "git_test_project" */ = {
			isa = XCConfigurationList;
			buildConfigurations = (
				CFCB70141FEE8753008DDD6B /* Debug */,
				CFCB70151FEE8753008DDD6B /* Release */,
			);
			defaultConfigurationIsVisible = 0;
			defaultConfigurationName = Release;
		};
		CFCB70161FEE8753008DDD6B /* Build configuration list for PBXNativeTarget "git_test_projectTests" */ = {
			isa = XCConfigurationList;
			buildConfigurations = (
				CFCB70171FEE8753008DDD6B /* Debug */,
				CFCB70181FEE8753008DDD6B /* Release */,
			);
			defaultConfigurationIsVisible = 0;
			defaultConfigurationName = Release;
		};
		CFCB70191FEE8753008DDD6B /* Build configuration list for PBXNativeTarget "git_test_projectUITests" */ = {
			isa = XCConfigurationList;
			buildConfigurations = (
				CFCB701A1FEE8753008DDD6B /* Debug */,
				CFCB701B1FEE8753008DDD6B /* Release */,
			);
			defaultConfigurationIsVisible = 0;
			defaultConfigurationName = Release;
		};
/* End XCConfigurationList section */
	};
	rootObject = CFCB6FE31FEE8753008DDD6B /* Project object */;
}
